{
  "name": "maxtin-flashings",
  "version": "1.0.0",
  "lockfileVersion": 3,
  "requires": true,
  "packages": {
    "": {
      "name": "maxtin-flashings",
      "version": "1.0.0",
      "license": "ISC",
      "dependencies": {
        "@fortawesome/fontawesome-free": "^5.15.2",
        "scrollreveal": "^4.0.9"
      }
    },
    "node_modules/@fortawesome/fontawesome-free": {
      "version": "5.15.2",
      "hasInstallScript": true,
      "license": "(CC-BY-4.0 AND OFL-1.1 AND MIT)",
      "engines": {
        "node": ">=6"
      }
    },
    "node_modules/is-dom-node": {
      "version": "1.0.4",
      "license": "MIT"
    },
    "node_modules/is-dom-node-list": {
      "version": "1.2.1",
      "license": "MIT",
      "dependencies": {
        "is-dom-node": "^1.0.4"
      }
    },
    "node_modules/miniraf": {
      "version": "1.0.0",
      "license": "MIT"
    },
    "node_modules/rematrix": {
      "version": "0.3.0",
      "license": "MIT"
    },
    "node_modules/scrollreveal": {
      "version": "4.0.9",
      "hasInstallScript": true,
      "license": "GPL-3.0",
      "dependencies": {
        "miniraf": "1.0.0",
        "rematrix": "0.3.0",
        "tealight": "0.3.6"
      }
    },
    "node_modules/tealight": {
      "version": "0.3.6",
      "license": "MIT",
      "dependencies": {
        "is-dom-node": "^1.0.4",
        "is-dom-node-list": "^1.2.1"
      }
    }
  }
}
